{
  "name": "mipp-ali",
  "version": "1.18.13",
  "lockfileVersion": 1,
  "requires": true,
  "dependencies": {
    "@mini-types/alipay": {
      "version": "1.0.31",
      "resolved": "https://registry.npmjs.org/@mini-types/alipay/-/alipay-1.0.31.tgz",
      "integrity": "sha512-HI2awWbtHuoJLWEqUinecQBSs5jeAHfMdsI4rYNsd1WVQvn8GCGTCo35EC3z1KgaP9df0OG+3AYWM3pYmzatsQ==",
      "dev": true,
      "requires": {
        "@mini-types/global": "1.0.31",
        "@mini-types/my": "1.0.31"
      }
    },
    "@mini-types/global": {
      "version": "1.0.31",
      "resolved": "https://registry.npmjs.org/@mini-types/global/-/global-1.0.31.tgz",
      "integrity": "sha512-Rn4NHeZrZtd8/sbW1LHJRVqqa6iXw4jlW0x9BehYofRHreZh5MGlq1kOV6/InIePnJ+Ln1lnpPcOsVkLkNVYLQ==",
      "dev": true
    },
    "@mini-types/my": {
      "version": "1.0.31",
      "resolved": "https://registry.npmjs.org/@mini-types/my/-/my-1.0.31.tgz",
      "integrity": "sha512-kH76BAyn12uFKvnTajNAQTYkniM777FsaqXmIPFF98AnNDSmtGVvqkRjk1pKgMOi69i1APPoGHJNiDJ065bcPA==",
      "dev": true
    },
    "@types/node": {
      "version": "14.14.20",
      "resolved": "https://registry.npmjs.org/@types/node/-/node-14.14.20.tgz",
      "integrity": "sha512-Y93R97Ouif9JEOWPIUyU+eyIdyRqQR0I8Ez1dzku4hDx34NWh4HbtIc3WNzwB1Y9ULvNGeu5B8h8bVL5cAk4/A=="
    },
    "rfdc": {
      "version": "1.3.0",
      "resolved": "https://registry.npmjs.org/rfdc/-/rfdc-1.3.0.tgz",
      "integrity": "sha512-V2hovdzFbOi77/WajaSMXk2OLm+xNIeQdMMuB7icj7bk6zi2F8GGAxigcnDFpJHbNyNcgyJDiP+8nOrY5cZGrA=="
    },
    "typescript": {
      "version": "4.1.3",
      "resolved": "https://registry.npmjs.org/typescript/-/typescript-4.1.3.tgz",
      "integrity": "sha512-B3ZIOf1IKeH2ixgHhj6la6xdwR9QrLC5d1VKeCSY4tvkqhF2eqd9O7txNlS0PO3GrBAFIdr3L1ndNwteUbZLYg==",
      "dev": true
    }
  }
}
